// !$*UTF8*$!
{
	archiveVersion = 1;
	classes = {
	};
	objectVersion = 56;
	objects = {

/* Begin PBXBuildFile section */
		18CA22F52AA0AA3A004B2587 /* AppDelegate.swift in Sources */ = {isa = PBXBuildFile; fileRef = 18CA22F42AA0AA3A004B2587 /* AppDelegate.swift */; };
		18CA22F72AA0AA3A004B2587 /* SceneDelegate.swift in Sources */ = {isa = PBXBuildFile; fileRef = 18CA22F62AA0AA3A004B2587 /* SceneDelegate.swift */; };
		18CA22F92AA0AA3A004B2587 /* ViewController.swift in Sources */ = {isa = PBXBuildFile; fileRef = 18CA22F82AA0AA3A004B2587 /* ViewController.swift */; };
		18CA22FC2AA0AA3A004B2587 /* Main.storyboard in Resources */ = {isa = PBXBuildFile; fileRef = 18CA22FA2AA0AA3A004B2587 /* Main.storyboard */; };
		18CA22FE2AA0AA3E004B2587 /* Assets.xcassets in Resources */ = {isa = PBXBuildFile; fileRef = 18CA22FD2AA0AA3E004B2587 /* Assets.xcassets */; };
		18CA23012AA0AA3E004B2587 /* LaunchScreen.storyboard in Resources */ = {isa = PBXBuildFile; fileRef = 18CA22FF2AA0AA3E004B2587 /* LaunchScreen.storyboard */; };
		18CA230C2AA0AA3E004B2587 /* CodingChallengeTestTests.swift in Sources */ = {isa = PBXBuildFile; fileRef = 18CA230B2AA0AA3E004B2587 /* CodingChallengeTestTests.swift */; };
		18CA23162AA0AA3E004B2587 /* CodingChallengeTestUITests.swift in Sources */ = {isa = PBXBuildFile; fileRef = 18CA23152AA0AA3E004B2587 /* CodingChallengeTestUITests.swift */; };
		18CA23182AA0AA3E004B2587 /* CodingChallengeTestUITestsLaunchTests.swift in Sources */ = {isa = PBXBuildFile; fileRef = 18CA23172AA0AA3E004B2587 /* CodingChallengeTestUITestsLaunchTests.swift */; };
/* End PBXBuildFile section */

/* Begin PBXContainerItemProxy section */
		18CA23082AA0AA3E004B2587 /* PBXContainerItemProxy */ = {
			isa = PBXContainerItemProxy;
			containerPortal = 18CA22E92AA0AA3A004B2587 /* Project object */;
			proxyType = 1;
			remoteGlobalIDString = 18CA22F02AA0AA3A004B2587;
			remoteInfo = CodingChallengeTest;
		};
		18CA23122AA0AA3E004B2587 /* PBXContainerItemProxy */ = {
			isa = PBXContainerItemProxy;
			containerPortal = 18CA22E92AA0AA3A004B2587 /* Project object */;
			proxyType = 1;
			remoteGlobalIDString = 18CA22F02AA0AA3A004B2587;
			remoteInfo = CodingChallengeTest;
		};
/* End PBXContainerItemProxy section */

/* Begin PBXFileReference section */
		18CA22F12AA0AA3A004B2587 /* CodingChallengeTest.app */ = {isa = PBXFileReference; explicitFileType = wrapper.application; includeInIndex = 0; path = CodingChallengeTest.app; sourceTree = BUILT_PRODUCTS_DIR; };
		18CA22F42AA0AA3A004B2587 /* AppDelegate.swift */ = {isa = PBXFileReference; lastKnownFileType = sourcecode.swift; path = AppDelegate.swift; sourceTree = "<group>"; };
		18CA22F62AA0AA3A004B2587 /* SceneDelegate.swift */ = {isa = PBXFileReference; lastKnownFileType = sourcecode.swift; path = SceneDelegate.swift; sourceTree = "<group>"; };
		18CA22F82AA0AA3A004B2587 /* ViewController.swift */ = {isa = PBXFileReference; lastKnownFileType = sourcecode.swift; path = ViewController.swift; sourceTree = "<group>"; };
		18CA22FB2AA0AA3A004B2587 /* Base */ = {isa = PBXFileReference; lastKnownFileType = file.storyboard; name = Base; path = Base.lproj/Main.storyboard; sourceTree = "<group>"; };
		18CA22FD2AA0AA3E004B2587 /* Assets.xcassets */ = {isa = PBXFileReference; lastKnownFileType = folder.assetcatalog; path = Assets.xcassets; sourceTree = "<group>"; };
		18CA23002AA0AA3E004B2587 /* Base */ = {isa = PBXFileReference; lastKnownFileType = file.storyboard; name = Base; path = Base.lproj/LaunchScreen.storyboard; sourceTree = "<group>"; };
		18CA23022AA0AA3E004B2587 /* Info.plist */ = {isa = PBXFileReference; lastKnownFileType = text.plist.xml; path = Info.plist; sourceTree = "<group>"; };
		18CA23072AA0AA3E004B2587 /* CodingChallengeTestTests.xctest */ = {isa = PBXFileReference; explicitFileType = wrapper.cfbundle; includeInIndex = 0; path = CodingChallengeTestTests.xctest; sourceTree = BUILT_PRODUCTS_DIR; };
		18CA230B2AA0AA3E004B2587 /* CodingChallengeTestTests.swift */ = {isa = PBXFileReference; lastKnownFileType = sourcecode.swift; path = CodingChallengeTestTests.swift; sourceTree = "<group>"; };
		18CA23112AA0AA3E004B2587 /* CodingChallengeTestUITests.xctest */ = {isa = PBXFileReference; explicitFileType = wrapper.cfbundle; includeInIndex = 0; path = CodingChallengeTestUITests.xctest; sourceTree = BUILT_PRODUCTS_DIR; };
		18CA23152AA0AA3E004B2587 /* CodingChallengeTestUITests.swift */ = {isa = PBXFileReference; lastKnownFileType = sourcecode.swift; path = CodingChallengeTestUITests.swift; sourceTree = "<group>"; };
		18CA23172AA0AA3E004B2587 /* CodingChallengeTestUITestsLaunchTests.swift */ = {isa = PBXFileReference; lastKnownFileType = sourcecode.swift; path = CodingChallengeTestUITestsLaunchTests.swift; sourceTree = "<group>"; };
/* End PBXFileReference section */

/* Begin PBXFrameworksBuildPhase section */
		18CA22EE2AA0AA3A004B2587 /* Frameworks */ = {
			isa = PBXFrameworksBuildPhase;
			buildActionMask = 2147483647;
			files = (
			);
			runOnlyForDeploymentPostprocessing = 0;
		};
		18CA23042AA0AA3E004B2587 /* Frameworks */ = {
			isa = PBXFrameworksBuildPhase;
			buildActionMask = 2147483647;
			files = (
			);
			runOnlyForDeploymentPostprocessing = 0;
		};
		18CA230E2AA0AA3E004B2587 /* Frameworks */ = {
			isa = PBXFrameworksBuildPhase;
			buildActionMask = 2147483647;
			files = (
			);
			runOnlyForDeploymentPostprocessing = 0;
		};
/* End PBXFrameworksBuildPhase section */

/* Begin PBXGroup section */
		18CA22E82AA0AA3A004B2587 = {
			isa = PBXGroup;
			children = (
				18CA22F32AA0AA3A004B2587 /* CodingChallengeTest */,
				18CA230A2AA0AA3E004B2587 /* CodingChallengeTestTests */,
				18CA23142AA0AA3E004B2587 /* CodingChallengeTestUITests */,
				18CA22F22AA0AA3A004B2587 /* Products */,
			);
			sourceTree = "<group>";
		};
		18CA22F22AA0AA3A004B2587 /* Products */ = {
			isa = PBXGroup;
			children = (
				18CA22F12AA0AA3A004B2587 /* CodingChallengeTest.app */,
				18CA23072AA0AA3E004B2587 /* CodingChallengeTestTests.xctest */,
				18CA23112AA0AA3E004B2587 /* CodingChallengeTestUITests.xctest */,
			);
			name = Products;
			sourceTree = "<group>";
		};
		18CA22F32AA0AA3A004B2587 /* CodingChallengeTest */ = {
			isa = PBXGroup;
			children = (
				18CA22F42AA0AA3A004B2587 /* AppDelegate.swift */,
				18CA22F62AA0AA3A004B2587 /* SceneDelegate.swift */,
				18CA22F82AA0AA3A004B2587 /* ViewController.swift */,
				18CA22FA2AA0AA3A004B2587 /* Main.storyboard */,
				18CA22FD2AA0AA3E004B2587 /* Assets.xcassets */,
				18CA22FF2AA0AA3E004B2587 /* LaunchScreen.storyboard */,
				18CA23022AA0AA3E004B2587 /* Info.plist */,
			);
			path = CodingChallengeTest;
			sourceTree = "<group>";
		};
		18CA230A2AA0AA3E004B2587 /* CodingChallengeTestTests */ = {
			isa = PBXGroup;
			children = (
				18CA230B2AA0AA3E004B2587 /* CodingChallengeTestTests.swift */,
			);
			path = CodingChallengeTestTests;
			sourceTree = "<group>";
		};
		18CA23142AA0AA3E004B2587 /* CodingChallengeTestUITests */ = {
			isa = PBXGroup;
			children = (
				18CA23152AA0AA3E004B2587 /* CodingChallengeTestUITests.swift */,
				18CA23172AA0AA3E004B2587 /* CodingChallengeTestUITestsLaunchTests.swift */,
			);
			path = CodingChallengeTestUITests;
			sourceTree = "<group>";
		};
/* End PBXGroup section */

/* Begin PBXNativeTarget section */
		18CA22F02AA0AA3A004B2587 /* CodingChallengeTest */ = {
			isa = PBXNativeTarget;
			buildConfigurationList = 18CA231B2AA0AA3E004B2587 /* Build configuration list for PBXNativeTarget "CodingChallengeTest" */;
			buildPhases = (
				18CA22ED2AA0AA3A004B2587 /* Sources */,
				18CA22EE2AA0AA3A004B2587 /* Frameworks */,
				18CA22EF2AA0AA3A004B2587 /* Resources */,
			);
			buildRules = (
			);
			dependencies = (
			);
			name = CodingChallengeTest;
			productName = CodingChallengeTest;
			productReference = 18CA22F12AA0AA3A004B2587 /* CodingChallengeTest.app */;
			productType = "com.apple.product-type.application";
		};
		18CA23062AA0AA3E004B2587 /* CodingChallengeTestTests */ = {
			isa = PBXNativeTarget;
			buildConfigurationList = 18CA231E2AA0AA3E004B2587 /* Build configuration list for PBXNativeTarget "CodingChallengeTestTests" */;
			buildPhases = (
				18CA23032AA0AA3E004B2587 /* Sources */,
				18CA23042AA0AA3E004B2587 /* Frameworks */,
				18CA23052AA0AA3E004B2587 /* Resources */,
			);
			buildRules = (
			);
			dependencies = (
				18CA23092AA0AA3E004B2587 /* PBXTargetDependency */,
			);
			name = CodingChallengeTestTests;
			productName = CodingChallengeTestTests;
			productReference = 18CA23072AA0AA3E004B2587 /* CodingChallengeTestTests.xctest */;
			productType = "com.apple.product-type.bundle.unit-test";
		};
		18CA23102AA0AA3E004B2587 /* CodingChallengeTestUITests */ = {
			isa = PBXNativeTarget;
			buildConfigurationList = 18CA23212AA0AA3E004B2587 /* Build configuration list for PBXNativeTarget "CodingChallengeTestUITests" */;
			buildPhases = (
				18CA230D2AA0AA3E004B2587 /* Sources */,
				18CA230E2AA0AA3E004B2587 /* Frameworks */,
				18CA230F2AA0AA3E004B2587 /* Resources */,
			);
			buildRules = (
			);
			dependencies = (
				18CA23132AA0AA3E004B2587 /* PBXTargetDependency */,
			);
			name = CodingChallengeTestUITests;
			productName = CodingChallengeTestUITests;
			productReference = 18CA23112AA0AA3E004B2587 /* CodingChallengeTestUITests.xctest */;
			productType = "com.apple.product-type.bundle.ui-testing";
		};
/* End PBXNativeTarget section */

/* Begin PBXProject section */
		18CA22E92AA0AA3A004B2587 /* Project object */ = {
			isa = PBXProject;
			attributes = {
				BuildIndependentTargetsInParallel = 1;
				LastSwiftUpdateCheck = 1410;
				LastUpgradeCheck = 1410;
				TargetAttributes = {
					18CA22F02AA0AA3A004B2587 = {
						CreatedOnToolsVersion = 14.1;
					};
					18CA23062AA0AA3E004B2587 = {
						CreatedOnToolsVersion = 14.1;
						TestTargetID = 18CA22F02AA0AA3A004B2587;
					};
					18CA23102AA0AA3E004B2587 = {
						CreatedOnToolsVersion = 14.1;
						TestTargetID = 18CA22F02AA0AA3A004B2587;
					};
				};
			};
			buildConfigurationList = 18CA22EC2AA0AA3A004B2587 /* Build configuration list for PBXProject "CodingChallengeTest" */;
			compatibilityVersion = "Xcode 14.0";
			developmentRegion = en;
			hasScannedForEncodings = 0;
			knownRegions = (
				en,
				Base,
			);
			mainGroup = 18CA22E82AA0AA3A004B2587;
			productRefGroup = 18CA22F22AA0AA3A004B2587 /* Products */;
			projectDirPath = "";
			projectRoot = "";
			targets = (
				18CA22F02AA0AA3A004B2587 /* CodingChallengeTest */,
				18CA23062AA0AA3E004B2587 /* CodingChallengeTestTests */,
				18CA23102AA0AA3E004B2587 /* CodingChallengeTestUITests */,
			);
		};
/* End PBXProject section */

/* Begin PBXResourcesBuildPhase section */
		18CA22EF2AA0AA3A004B2587 /* Resources */ = {
			isa = PBXResourcesBuildPhase;
			buildActionMask = 2147483647;
			files = (
				18CA23012AA0AA3E004B2587 /* LaunchScreen.storyboard in Resources */,
				18CA22FE2AA0AA3E004B2587 /* Assets.xcassets in Resources */,
				18CA22FC2AA0AA3A004B2587 /* Main.storyboard in Resources */,
			);
			runOnlyForDeploymentPostprocessing = 0;
		};
		18CA23052AA0AA3E004B2587 /* Resources */ = {
			isa = PBXResourcesBuildPhase;
			buildActionMask = 2147483647;
			files = (
			);
			runOnlyForDeploymentPostprocessing = 0;
		};
		18CA230F2AA0AA3E004B2587 /* Resources */ = {
			isa = PBXResourcesBuildPhase;
			buildActionMask = 2147483647;
			files = (
			);
			runOnlyForDeploymentPostprocessing = 0;
		};
/* End PBXResourcesBuildPhase section */

/* Begin PBXSourcesBuildPhase section */
		18CA22ED2AA0AA3A004B2587 /* Sources */ = {
			isa = PBXSourcesBuildPhase;
			buildActionMask = 2147483647;
			files = (
				18CA22F92AA0AA3A004B2587 /* ViewController.swift in Sources */,
				18CA22F52AA0AA3A004B2587 /* AppDelegate.swift in Sources */,
				18CA22F72AA0AA3A004B2587 /* SceneDelegate.swift in Sources */,
			);
			runOnlyForDeploymentPostprocessing = 0;
		};
		18CA23032AA0AA3E004B2587 /* Sources */ = {
			isa = PBXSourcesBuildPhase;
			buildActionMask = 2147483647;
			files = (
				18CA230C2AA0AA3E004B2587 /* CodingChallengeTestTests.swift in Sources */,
			);
			runOnlyForDeploymentPostprocessing = 0;
		};
		18CA230D2AA0AA3E004B2587 /* Sources */ = {
			isa = PBXSourcesBuildPhase;
			buildActionMask = 2147483647;
			files = (
				18CA23182AA0AA3E004B2587 /* CodingChallengeTestUITestsLaunchTests.swift in Sources */,
				18CA23162AA0AA3E004B2587 /* CodingChallengeTestUITests.swift in Sources */,
			);
			runOnlyForDeploymentPostprocessing = 0;
		};
/* End PBXSourcesBuildPhase section */

/* Begin PBXTargetDependency section */
		18CA23092AA0AA3E004B2587 /* PBXTargetDependency */ = {
			isa = PBXTargetDependency;
			target = 18CA22F02AA0AA3A004B2587 /* CodingChallengeTest */;
			targetProxy = 18CA23082AA0AA3E004B2587 /* PBXContainerItemProxy */;
		};
		18CA23132AA0AA3E004B2587 /* PBXTargetDependency */ = {
			isa = PBXTargetDependency;
			target = 18CA22F02AA0AA3A004B2587 /* CodingChallengeTest */;
			targetProxy = 18CA23122AA0AA3E004B2587 /* PBXContainerItemProxy */;
		};
/* End PBXTargetDependency section */

/* Begin PBXVariantGroup section */
		18CA22FA2AA0AA3A004B2587 /* Main.storyboard */ = {
			isa = PBXVariantGroup;
			children = (
				18CA22FB2AA0AA3A004B2587 /* Base */,
			);
			name = Main.storyboard;
			sourceTree = "<group>";
		};
		18CA22FF2AA0AA3E004B2587 /* LaunchScreen.storyboard */ = {
			isa = PBXVariantGroup;
			children = (
				18CA23002AA0AA3E004B2587 /* Base */,
			);
			name = LaunchScreen.storyboard;
			sourceTree = "<group>";
		};
/* End PBXVariantGroup section */

/* Begin XCBuildConfiguration section */
		18CA23192AA0AA3E004B2587 /* Debug */ = {
			isa = XCBuildConfiguration;
			buildSettings = {
				ALWAYS_SEARCH_USER_PATHS = NO;
				CLANG_ANALYZER_NONNULL = YES;
				CLANG_ANALYZER_NUMBER_OBJECT_CONVERSION = YES_AGGRESSIVE;
				CLANG_CXX_LANGUAGE_STANDARD = "gnu++20";
				CLANG_ENABLE_MODULES = YES;
				CLANG_ENABLE_OBJC_ARC = YES;
				CLANG_ENABLE_OBJC_WEAK = YES;
				CLANG_WARN_BLOCK_CAPTURE_AUTORELEASING = YES;
				CLANG_WARN_BOOL_CONVERSION = YES;
				CLANG_WARN_COMMA = YES;
				CLANG_WARN_CONSTANT_CONVERSION = YES;
				CLANG_WARN_DEPRECATED_OBJC_IMPLEMENTATIONS = YES;
				CLANG_WARN_DIRECT_OBJC_ISA_USAGE = YES_ERROR;
				CLANG_WARN_DOCUMENTATION_COMMENTS = YES;
				CLANG_WARN_EMPTY_BODY = YES;
				CLANG_WARN_ENUM_CONVERSION = YES;
				CLANG_WARN_INFINITE_RECURSION = YES;
				CLANG_WARN_INT_CONVERSION = YES;
				CLANG_WARN_NON_LITERAL_NULL_CONVERSION = YES;
				CLANG_WARN_OBJC_IMPLICIT_RETAIN_SELF = YES;
				CLANG_WARN_OBJC_LITERAL_CONVERSION = YES;
				CLANG_WARN_OBJC_ROOT_CLASS = YES_ERROR;
				CLANG_WARN_QUOTED_INCLUDE_IN_FRAMEWORK_HEADER = YES;
				CLANG_WARN_RANGE_LOOP_ANALYSIS = YES;
				CLANG_WARN_STRICT_PROTOTYPES = YES;
				CLANG_WARN_SUSPICIOUS_MOVE = YES;
				CLANG_WARN_UNGUARDED_AVAILABILITY = YES_AGGRESSIVE;
				CLANG_WARN_UNREACHABLE_CODE = YES;
				CLANG_WARN__DUPLICATE_METHOD_MATCH = YES;
				COPY_PHASE_STRIP = NO;
				DEBUG_INFORMATION_FORMAT = dwarf;
				ENABLE_STRICT_OBJC_MSGSEND = YES;
				ENABLE_TESTABILITY = YES;
				GCC_C_LANGUAGE_STANDARD = gnu11;
				GCC_DYNAMIC_NO_PIC = NO;
				GCC_NO_COMMON_BLOCKS = YES;
				GCC_OPTIMIZATION_LEVEL = 0;
				GCC_PREPROCESSOR_DEFINITIONS = (
					"DEBUG=1",
					"$(inherited)",
				);
				GCC_WARN_64_TO_32_BIT_CONVERSION = YES;
				GCC_WARN_ABOUT_RETURN_TYPE = YES_ERROR;
				GCC_WARN_UNDECLARED_SELECTOR = YES;
				GCC_WARN_UNINITIALIZED_AUTOS = YES_AGGRESSIVE;
				GCC_WARN_UNUSED_FUNCTION = YES;
				GCC_WARN_UNUSED_VARIABLE = YES;
				IPHONEOS_DEPLOYMENT_TARGET = 16.1;
				MTL_ENABLE_DEBUG_INFO = INCLUDE_SOURCE;
				MTL_FAST_MATH = YES;
				ONLY_ACTIVE_ARCH = YES;
				SDKROOT = iphoneos;
				SWIFT_ACTIVE_COMPILATION_CONDITIONS = DEBUG;
				SWIFT_OPTIMIZATION_LEVEL = "-Onone";
			};
			name = Debug;
		};
		18CA231A2AA0AA3E004B2587 /* Release */ = {
			isa = XCBuildConfiguration;
			buildSettings = {
				ALWAYS_SEARCH_USER_PATHS = NO;
				CLANG_ANALYZER_NONNULL = YES;
				CLANG_ANALYZER_NUMBER_OBJECT_CONVERSION = YES_AGGRESSIVE;
				CLANG_CXX_LANGUAGE_STANDARD = "gnu++20";
				CLANG_ENABLE_MODULES = YES;
				CLANG_ENABLE_OBJC_ARC = YES;
				CLANG_ENABLE_OBJC_WEAK = YES;
				CLANG_WARN_BLOCK_CAPTURE_AUTORELEASING = YES;
				CLANG_WARN_BOOL_CONVERSION = YES;
				CLANG_WARN_COMMA = YES;
				CLANG_WARN_CONSTANT_CONVERSION = YES;
				CLANG_WARN_DEPRECATED_OBJC_IMPLEMENTATIONS = YES;
				CLANG_WARN_DIRECT_OBJC_ISA_USAGE = YES_ERROR;
				CLANG_WARN_DOCUMENTATION_COMMENTS = YES;
				CLANG_WARN_EMPTY_BODY = YES;
				CLANG_WARN_ENUM_CONVERSION = YES;
				CLANG_WARN_INFINITE_RECURSION = YES;
				CLANG_WARN_INT_CONVERSION = YES;
				CLANG_WARN_NON_LITERAL_NULL_CONVERSION = YES;
				CLANG_WARN_OBJC_IMPLICIT_RETAIN_SELF = YES;
				CLANG_WARN_OBJC_LITERAL_CONVERSION = YES;
				CLANG_WARN_OBJC_ROOT_CLASS = YES_ERROR;
				CLANG_WARN_QUOTED_INCLUDE_IN_FRAMEWORK_HEADER = YES;
				CLANG_WARN_RANGE_LOOP_ANALYSIS = YES;
				CLANG_WARN_STRICT_PROTOTYPES = YES;
				CLANG_WARN_SUSPICIOUS_MOVE = YES;
				CLANG_WARN_UNGUARDED_AVAILABILITY = YES_AGGRESSIVE;
				CLANG_WARN_UNREACHABLE_CODE = YES;
				CLANG_WARN__DUPLICATE_METHOD_MATCH = YES;
				COPY_PHASE_STRIP = NO;
				DEBUG_INFORMATION_FORMAT = "dwarf-with-dsym";
				ENABLE_NS_ASSERTIONS = NO;
				ENABLE_STRICT_OBJC_MSGSEND = YES;
				GCC_C_LANGUAGE_STANDARD = gnu11;
				GCC_NO_COMMON_BLOCKS = YES;
				GCC_WARN_64_TO_32_BIT_CONVERSION = YES;
				GCC_WARN_ABOUT_RETURN_TYPE = YES_ERROR;
				GCC_WARN_UNDECLARED_SELECTOR = YES;
				GCC_WARN_UNINITIALIZED_AUTOS = YES_AGGRESSIVE;
				GCC_WARN_UNUSED_FUNCTION = YES;
				GCC_WARN_UNUSED_VARIABLE = YES;
				IPHONEOS_DEPLOYMENT_TARGET = 16.1;
				MTL_ENABLE_DEBUG_INFO = NO;
				MTL_FAST_MATH = YES;
				SDKROOT = iphoneos;
				SWIFT_COMPILATION_MODE = wholemodule;
				SWIFT_OPTIMIZATION_LEVEL = "-O";
				VALIDATE_PRODUCT = YES;
			};
			name = Release;
		};
		18CA231C2AA0AA3E004B2587 /* Debug */ = {
			isa = XCBuildConfiguration;
			buildSettings = {
				ASSETCATALOG_COMPILER_APPICON_NAME = AppIcon;
				ASSETCATALOG_COMPILER_GLOBAL_ACCENT_COLOR_NAME = AccentColor;
				CODE_SIGN_STYLE = Automatic;
				CURRENT_PROJECT_VERSION = 1;
				DEVELOPMENT_TEAM = KX883PR7F2;
				GENERATE_INFOPLIST_FILE = YES;
				INFOPLIST_FILE = CodingChallengeTest/Info.plist;
				INFOPLIST_KEY_UIApplicationSupportsIndirectInputEvents = YES;
				INFOPLIST_KEY_UILaunchStoryboardName = LaunchScreen;
				INFOPLIST_KEY_UIMainStoryboardFile = Main;
				INFOPLIST_KEY_UISupportedInterfaceOrientations_iPad = "UIInterfaceOrientationPortrait UIInterfaceOrientationPortraitUpsideDown UIInterfaceOrientationLandscapeLeft UIInterfaceOrientationLandscapeRight";
				INFOPLIST_KEY_UISupportedInterfaceOrientations_iPhone = "UIInterfaceOrientationPortrait UIInterfaceOrientationLandscapeLeft UIInterfaceOrientationLandscapeRight";
				LD_RUNPATH_SEARCH_PATHS = (
					"$(inherited)",
					"@executable_path/Frameworks",
				);
				MARKETING_VERSION = 1.0;
				PRODUCT_BUNDLE_IDENTIFIER = com.MvvmDesignPattern.CodingChallengeTest;
				PRODUCT_NAME = "$(TARGET_NAME)";
				SWIFT_EMIT_LOC_STRINGS = YES;
				SWIFT_VERSION = 5.0;
				TARGETED_DEVICE_FAMILY = "1,2";
			};
			name = Debug;
		};
		18CA231D2AA0AA3E004B2587 /* Release */ = {
			isa = XCBuildConfiguration;
			buildSettings = {
				ASSETCATALOG_COMPILER_APPICON_NAME = AppIcon;
				ASSETCATALOG_COMPILER_GLOBAL_ACCENT_COLOR_NAME = AccentColor;
				CODE_SIGN_STYLE = Automatic;
				CURRENT_PROJECT_VERSION = 1;
				DEVELOPMENT_TEAM = KX883PR7F2;
				GENERATE_INFOPLIST_FILE = YES;
				INFOPLIST_FILE = CodingChallengeTest/Info.plist;
				INFOPLIST_KEY_UIApplicationSupportsIndirectInputEvents = YES;
				INFOPLIST_KEY_UILaunchStoryboardName = LaunchScreen;
				INFOPLIST_KEY_UIMainStoryboardFile = Main;
				INFOPLIST_KEY_UISupportedInterfaceOrientations_iPad = "UIInterfaceOrientationPortrait UIInterfaceOrientationPortraitUpsideDown UIInterfaceOrientationLandscapeLeft UIInterfaceOrientationLandscapeRight";
				INFOPLIST_KEY_UISupportedInterfaceOrientations_iPhone = "UIInterfaceOrientationPortrait UIInterfaceOrientationLandscapeLeft UIInterfaceOrientationLandscapeRight";
				LD_RUNPATH_SEARCH_PATHS = (
					"$(inherited)",
					"@executable_path/Frameworks",
				);
				MARKETING_VERSION = 1.0;
				PRODUCT_BUNDLE_IDENTIFIER = com.MvvmDesignPattern.CodingChallengeTest;
				PRODUCT_NAME = "$(TARGET_NAME)";
				SWIFT_EMIT_LOC_STRINGS = YES;
				SWIFT_VERSION = 5.0;
				TARGETED_DEVICE_FAMILY = "1,2";
			};
			name = Release;
		};
		18CA231F2AA0AA3E004B2587 /* Debug */ = {
			isa = XCBuildConfiguration;
			buildSettings = {
				ALWAYS_EMBED_SWIFT_STANDARD_LIBRARIES = YES;
				BUNDLE_LOADER = "$(TEST_HOST)";
				CODE_SIGN_STYLE = Automatic;
				CURRENT_PROJECT_VERSION = 1;
				DEVELOPMENT_TEAM = KX883PR7F2;
				GENERATE_INFOPLIST_FILE = YES;
				IPHONEOS_DEPLOYMENT_TARGET = 16.1;
				MARKETING_VERSION = 1.0;
				PRODUCT_BUNDLE_IDENTIFIER = com.MvvmDesignPattern.CodingChallengeTestTests;
				PRODUCT_NAME = "$(TARGET_NAME)";
				SWIFT_EMIT_LOC_STRINGS = NO;
				SWIFT_VERSION = 5.0;
				TARGETED_DEVICE_FAMILY = "1,2";
				TEST_HOST = "$(BUILT_PRODUCTS_DIR)/CodingChallengeTest.app/$(BUNDLE_EXECUTABLE_FOLDER_PATH)/CodingChallengeTest";
			};
			name = Debug;
		};
		18CA23202AA0AA3E004B2587 /* Release */ = {
			isa = XCBuildConfiguration;
			buildSettings = {
				ALWAYS_EMBED_SWIFT_STANDARD_LIBRARIES = YES;
				BUNDLE_LOADER = "$(TEST_HOST)";
				CODE_SIGN_STYLE = Automatic;
				CURRENT_PROJECT_VERSION = 1;
				DEVELOPMENT_TEAM = KX883PR7F2;
				GENERATE_INFOPLIST_FILE = YES;
				IPHONEOS_DEPLOYMENT_TARGET = 16.1;
				MARKETING_VERSION = 1.0;
				PRODUCT_BUNDLE_IDENTIFIER = com.MvvmDesignPattern.CodingChallengeTestTests;
				PRODUCT_NAME = "$(TARGET_NAME)";
				SWIFT_EMIT_LOC_STRINGS = NO;
				SWIFT_VERSION = 5.0;
				TARGETED_DEVICE_FAMILY = "1,2";
				TEST_HOST = "$(BUILT_PRODUCTS_DIR)/CodingChallengeTest.app/$(BUNDLE_EXECUTABLE_FOLDER_PATH)/CodingChallengeTest";
			};
			name = Release;
		};
		18CA23222AA0AA3E004B2587 /* Debug */ = {
			isa = XCBuildConfiguration;
			buildSettings = {
				ALWAYS_EMBED_SWIFT_STANDARD_LIBRARIES = YES;
				CODE_SIGN_STYLE = Automatic;
				CURRENT_PROJECT_VERSION = 1;
				DEVELOPMENT_TEAM = KX883PR7F2;
				GENERATE_INFOPLIST_FILE = YES;
				MARKETING_VERSION = 1.0;
				PRODUCT_BUNDLE_IDENTIFIER = com.MvvmDesignPattern.CodingChallengeTestUITests;
				PRODUCT_NAME = "$(TARGET_NAME)";
				SWIFT_EMIT_LOC_STRINGS = NO;
				SWIFT_VERSION = 5.0;
				TARGETED_DEVICE_FAMILY = "1,2";
				TEST_TARGET_NAME = CodingChallengeTest;
			};
			name = Debug;
		};
		18CA23232AA0AA3E004B2587 /* Release */ = {
			isa = XCBuildConfiguration;
			buildSettings = {
				ALWAYS_EMBED_SWIFT_STANDARD_LIBRARIES = YES;
				CODE_SIGN_STYLE = Automatic;
				CURRENT_PROJECT_VERSION = 1;
				DEVELOPMENT_TEAM = KX883PR7F2;
				GENERATE_INFOPLIST_FILE = YES;
				MARKETING_VERSION = 1.0;
				PRODUCT_BUNDLE_IDENTIFIER = com.MvvmDesignPattern.CodingChallengeTestUITests;
				PRODUCT_NAME = "$(TARGET_NAME)";
				SWIFT_EMIT_LOC_STRINGS = NO;
				SWIFT_VERSION = 5.0;
				TARGETED_DEVICE_FAMILY = "1,2";
				TEST_TARGET_NAME = CodingChallengeTest;
			};
			name = Release;
		};
/* End XCBuildConfiguration section */

/* Begin XCConfigurationList section */
		18CA22EC2AA0AA3A004B2587 /* Build configuration list for PBXProject "CodingChallengeTest" */ = {
			isa = XCConfigurationList;
			buildConfigurations = (
				18CA23192AA0AA3E004B2587 /* Debug */,
				18CA231A2AA0AA3E004B2587 /* Release */,
			);
			defaultConfigurationIsVisible = 0;
			defaultConfigurationName = Release;
		};
		18CA231B2AA0AA3E004B2587 /* Build configuration list for PBXNativeTarget "CodingChallengeTest" */ = {
			isa = XCConfigurationList;
			buildConfigurations = (
				18CA231C2AA0AA3E004B2587 /* Debug */,
				18CA231D2AA0AA3E004B2587 /* Release */,
			);
			defaultConfigurationIsVisible = 0;
			defaultConfigurationName = Release;
		};
		18CA231E2AA0AA3E004B2587 /* Build configuration list for PBXNativeTarget "CodingChallengeTestTests" */ = {
			isa = XCConfigurationList;
			buildConfigurations = (
				18CA231F2AA0AA3E004B2587 /* Debug */,
				18CA23202AA0AA3E004B2587 /* Release */,
			);
			defaultConfigurationIsVisible = 0;
			defaultConfigurationName = Release;
		};
		18CA23212AA0AA3E004B2587 /* Build configuration list for PBXNativeTarget "CodingChallengeTestUITests" */ = {
			isa = XCConfigurationList;
			buildConfigurations = (
				18CA23222AA0AA3E004B2587 /* Debug */,
				18CA23232AA0AA3E004B2587 /* Release */,
			);
			defaultConfigurationIsVisible = 0;
			defaultConfigurationName = Release;
		};
/* End XCConfigurationList section */
	};
	rootObject = 18CA22E92AA0AA3A004B2587 /* Project object */;
}
